
Microsoft Visual Studio Solution File, Format Version 12.00
# Visual Studio Version 17
VisualStudioVersion = 17.5.002.0
MinimumVisualStudioVersion = 10.0.40219.1
Project("{2150E333-8FDC-42A3-9474-1A3956D46DE8}") = "src", "src", "{0FB1F1F9-FB7D-435E-BEDA-F059E1D7C04A}"
EndProject
Project("{9A19103F-16F7-4668-BE54-9A1E7A4F7556}") = "VictorFrye.MicrosoftGraveyard", "src\App\VictorFrye.MicrosoftGraveyard.csproj", "{03EDC175-F966-49FC-A3F8-09B8CC7236E5}"
EndProject
Project("{2150E333-8FDC-42A3-9474-1A3956D46DE8}") = "tests", "tests", "{D08289A0-11E5-4317-A7FD-F8D64266E2E4}"
EndProject
Project("{9A19103F-16F7-4668-BE54-9A1E7A4F7556}") = "Tests", "tests\Core\Tests.csproj", "{EAC904BC-FAC3-4754-80ED-D39669B28B3D}"
EndProject
Global
	GlobalSection(SolutionConfigurationPlatforms) = preSolution
		Debug|Any CPU = Debug|Any CPU
		Release|Any CPU = Release|Any CPU
	EndGlobalSection
	GlobalSection(ProjectConfigurationPlatforms) = postSolution
		{03EDC175-F966-49FC-A3F8-09B8CC7236E5}.Debug|Any CPU.ActiveCfg = Debug|Any CPU
		{03EDC175-F966-49FC-A3F8-09B8CC7236E5}.Debug|Any CPU.Build.0 = Debug|Any CPU
		{03EDC175-F966-49FC-A3F8-09B8CC7236E5}.Release|Any CPU.ActiveCfg = Release|Any CPU
		{03EDC175-F966-49FC-A3F8-09B8CC7236E5}.Release|Any CPU.Build.0 = Release|Any CPU
		{EAC904BC-FAC3-4754-80ED-D39669B28B3D}.Debug|Any CPU.ActiveCfg = Debug|Any CPU
		{EAC904BC-FAC3-4754-80ED-D39669B28B3D}.Debug|Any CPU.Build.0 = Debug|Any CPU
		{EAC904BC-FAC3-4754-80ED-D39669B28B3D}.Release|Any CPU.ActiveCfg = Release|Any CPU
		{EAC904BC-FAC3-4754-80ED-D39669B28B3D}.Release|Any CPU.Build.0 = Release|Any CPU
	EndGlobalSection
	GlobalSection(SolutionProperties) = preSolution
		HideSolutionNode = FALSE
	EndGlobalSection
	GlobalSection(NestedProjects) = preSolution
		{03EDC175-F966-49FC-A3F8-09B8CC7236E5} = {0FB1F1F9-FB7D-435E-BEDA-F059E1D7C04A}
		{EAC904BC-FAC3-4754-80ED-D39669B28B3D} = {D08289A0-11E5-4317-A7FD-F8D64266E2E4}
	EndGlobalSection
	GlobalSection(ExtensibilityGlobals) = postSolution
		SolutionGuid = {2CC04BEA-9B02-4AE9-ADAC-767854569D1C}
	EndGlobalSection
EndGlobal
