<Solution>
  <Folder Name="/Solution Items/">
    <File Path=".editorconfig" />
    <File Path=".gitattributes" />
    <File Path=".gitignore" />
    <File Path="LICENSE" />
    <File Path="README.md" />
  </Folder>
  <Project Path="src/AppHost/AppHost.csproj" />
  <Project Path="src/CommandLine/VictorFrye.MicrosoftGraveyard.CommandLine.csproj" />
  <Project Path="src/CommandLine.Tests/VictorFrye.MicrosoftGraveyard.CommandLine.Tests.csproj" />
</Solution>
