<Solution>
  <Folder Name="/Solution Items/">
    <File Path=".editorconfig" />
    <File Path=".gitattributes" />
    <File Path=".gitignore" />
    <File Path="LICENSE" />
    <File Path="README.md" />
  </Folder>
  <Project Path="src/AppHost/AppHost.csproj" />
  <Project Path="src/WebClient/WebClient.esproj">
    <Build />
    <Deploy />
  </Project>
  <Project Path="src/CommandLine/CommandLine.csproj" Id="014bd3e2-b531-4828-bba3-582cdd1c6123" />
</Solution>
